
Microsoft Visual Studio Solution File, Format Version 12.00
# Visual Studio Version 17
VisualStudioVersion = 17.4.33122.133
MinimumVisualStudioVersion = 10.0.40219.1
Project("{FAE04EC0-301F-11D3-BF4B-00C04F79EFBC}") = "KruskalAlgorithmTask", "KruskalAlgorithmTask.csproj", "{3C7A6C1E-3454-48B4-BD2C-9C3684BE3247}"
EndProject
Global
	GlobalSection(SolutionConfigurationPlatforms) = preSolution
		Debug|Any CPU = Debug|Any CPU
		Release|Any CPU = Release|Any CPU
	EndGlobalSection
	GlobalSection(ProjectConfigurationPlatforms) = postSolution
		{3C7A6C1E-3454-48B4-BD2C-9C3684BE3247}.Debug|Any CPU.ActiveCfg = Debug|Any CPU
		{3C7A6C1E-3454-48B4-BD2C-9C3684BE3247}.Debug|Any CPU.Build.0 = Debug|Any CPU
		{3C7A6C1E-3454-48B4-BD2C-9C3684BE3247}.Release|Any CPU.ActiveCfg = Release|Any CPU
		{3C7A6C1E-3454-48B4-BD2C-9C3684BE3247}.Release|Any CPU.Build.0 = Release|Any CPU
	EndGlobalSection
	GlobalSection(SolutionProperties) = preSolution
		HideSolutionNode = FALSE
	EndGlobalSection
	GlobalSection(ExtensibilityGlobals) = postSolution
		SolutionGuid = {88119D7C-4A69-4285-BA53-8F8ECE362A2C}
	EndGlobalSection
EndGlobal
